attrs==26.1.0
Automat==25.4.16
bcrypt==3.2.0
certifi==2026.6.17
cffi==2.1.0
charset-normalizer==3.4.9
constantly==23.10.4
cryptography==46.0.7
fpdf==1.7.2
hpfeeds==3.0.0
hyperlink==21.0.0
idna==3.18
incremental==24.11.0
Jinja2==3.1.6
MarkupSafe==3.0.3
ntlmlib==0.72
opencanary==0.9.8
ordereddict==1.1
packaging==26.2
passlib==1.7.1
pcapy-ng==1.1.0
pyasn1==0.6.3
pyasn1_modules==0.4.2
pycparser==3.0
pyOpenSSL==25.3.0
PyPDF2==1.27.9
requests==2.33.0
scapy==2.7.0
service-identity==21.1.0
simplejson==3.16.0
six==1.17.0
Twisted==24.11.0
typing_extensions==4.16.0
urllib3==2.7.0
zope.interface==7.2
